
Microsoft Visual Studio Solution File, Format Version 12.00
# Visual Studio Version 16
VisualStudioVersion = 16.0.30804.86
MinimumVisualStudioVersion = 10.0.40219.1
Project("{9A19103F-16F7-4668-BE54-9A1E7A4F7556}") = "Advent.ConsoleApp", "Advent.ConsoleApp\Advent.ConsoleApp.csproj", "{DD60A5E4-2C07-47A1-8158-4118A7E1322D}"
EndProject
Project("{FAE04EC0-301F-11D3-BF4B-00C04F79EFBC}") = "Advent.Solutions", "Advent.Solutions\Advent.Solutions.csproj", "{38B18E2A-4D62-48AB-8CE7-99848C9C9C47}"
EndProject
Global
	GlobalSection(SolutionConfigurationPlatforms) = preSolution
		Debug|Any CPU = Debug|Any CPU
		Release|Any CPU = Release|Any CPU
	EndGlobalSection
	GlobalSection(ProjectConfigurationPlatforms) = postSolution
		{DD60A5E4-2C07-47A1-8158-4118A7E1322D}.Debug|Any CPU.ActiveCfg = Debug|Any CPU
		{DD60A5E4-2C07-47A1-8158-4118A7E1322D}.Debug|Any CPU.Build.0 = Debug|Any CPU
		{DD60A5E4-2C07-47A1-8158-4118A7E1322D}.Release|Any CPU.ActiveCfg = Release|Any CPU
		{DD60A5E4-2C07-47A1-8158-4118A7E1322D}.Release|Any CPU.Build.0 = Release|Any CPU
		{38B18E2A-4D62-48AB-8CE7-99848C9C9C47}.Debug|Any CPU.ActiveCfg = Debug|Any CPU
		{38B18E2A-4D62-48AB-8CE7-99848C9C9C47}.Debug|Any CPU.Build.0 = Debug|Any CPU
		{38B18E2A-4D62-48AB-8CE7-99848C9C9C47}.Release|Any CPU.ActiveCfg = Release|Any CPU
		{38B18E2A-4D62-48AB-8CE7-99848C9C9C47}.Release|Any CPU.Build.0 = Release|Any CPU
	EndGlobalSection
	GlobalSection(SolutionProperties) = preSolution
		HideSolutionNode = FALSE
	EndGlobalSection
	GlobalSection(ExtensibilityGlobals) = postSolution
		SolutionGuid = {E135295F-4210-4F1E-982B-2B8A5F800F6C}
	EndGlobalSection
EndGlobal
